
Microsoft Visual Studio Solution File, Format Version 12.00
# Visual Studio Version 17
VisualStudioVersion = 17.9.34723.18
MinimumVisualStudioVersion = 10.0.40219.1
Project("{8BC9CEB8-8B4A-11D0-8D11-00A0C91BC942}") = "HeatSimulation", "HeatSimulation\HeatSimulation.vcxproj", "{8082C0B4-020B-49F9-9483-A6BF61E47458}"
EndProject
Project("{8BC9CEB8-8B4A-11D0-8D11-00A0C91BC942}") = "FEM_SimulatorTests", "FEM_SimulatorTests\FEM_SimulatorTests.vcxproj", "{B9A362F9-017D-433A-8B34-BDD162169B82}"
EndProject
Global
	GlobalSection(SolutionConfigurationPlatforms) = preSolution
		Debug|x64 = Debug|x64
		Debug|x86 = Debug|x86
		Release|x64 = Release|x64
		Release|x86 = Release|x86
	EndGlobalSection
	GlobalSection(ProjectConfigurationPlatforms) = postSolution
		{8082C0B4-020B-49F9-9483-A6BF61E47458}.Debug|x64.ActiveCfg = Debug|x64
		{8082C0B4-020B-49F9-9483-A6BF61E47458}.Debug|x64.Build.0 = Debug|x64
		{8082C0B4-020B-49F9-9483-A6BF61E47458}.Debug|x86.ActiveCfg = Debug|Win32
		{8082C0B4-020B-49F9-9483-A6BF61E47458}.Debug|x86.Build.0 = Debug|Win32
		{8082C0B4-020B-49F9-9483-A6BF61E47458}.Release|x64.ActiveCfg = Release|x64
		{8082C0B4-020B-49F9-9483-A6BF61E47458}.Release|x64.Build.0 = Release|x64
		{8082C0B4-020B-49F9-9483-A6BF61E47458}.Release|x86.ActiveCfg = Release|Win32
		{8082C0B4-020B-49F9-9483-A6BF61E47458}.Release|x86.Build.0 = Release|Win32
		{B9A362F9-017D-433A-8B34-BDD162169B82}.Debug|x64.ActiveCfg = Debug|x64
		{B9A362F9-017D-433A-8B34-BDD162169B82}.Debug|x64.Build.0 = Debug|x64
		{B9A362F9-017D-433A-8B34-BDD162169B82}.Debug|x86.ActiveCfg = Debug|Win32
		{B9A362F9-017D-433A-8B34-BDD162169B82}.Debug|x86.Build.0 = Debug|Win32
		{B9A362F9-017D-433A-8B34-BDD162169B82}.Release|x64.ActiveCfg = Release|x64
		{B9A362F9-017D-433A-8B34-BDD162169B82}.Release|x64.Build.0 = Release|x64
		{B9A362F9-017D-433A-8B34-BDD162169B82}.Release|x86.ActiveCfg = Release|Win32
		{B9A362F9-017D-433A-8B34-BDD162169B82}.Release|x86.Build.0 = Release|Win32
	EndGlobalSection
	GlobalSection(SolutionProperties) = preSolution
		HideSolutionNode = FALSE
	EndGlobalSection
	GlobalSection(ExtensibilityGlobals) = postSolution
		SolutionGuid = {CCC6CEB0-C7F5-4032-AD8C-74645C97F769}
	EndGlobalSection
EndGlobal
